
Microsoft Visual Studio Solution File, Format Version 12.00
# Visual Studio Version 18
VisualStudioVersion = 18.6.11806.211 stable
MinimumVisualStudioVersion = 10.0.40219.1
Project("{FAE04EC0-301F-11D3-BF4B-00C04F79EFBC}") = "Admin.Desktop", "Admin.Desktop\Admin.Desktop.csproj", "{63178CF1-6E72-429E-89F3-9D4B98A7354C}"
EndProject
Project("{FAE04EC0-301F-11D3-BF4B-00C04F79EFBC}") = "Admin.Domain", "Admin.Domain\Admin.Domain.csproj", "{2B04C083-D8E6-4FBC-B52D-B000061D560F}"
EndProject
Project("{FAE04EC0-301F-11D3-BF4B-00C04F79EFBC}") = "Admin.Domain.Shared", "Admin.Domain.Shared\Admin.Domain.Shared.csproj", "{8DAE58C0-8832-4743-BDCD-CFFC1FA21708}"
EndProject
Project("{FAE04EC0-301F-11D3-BF4B-00C04F79EFBC}") = "Admin.Application.Contracts", "Admin.Application.Contracts\Admin.Application.Contracts.csproj", "{5E770119-E34F-4306-8351-5BB21304BA10}"
EndProject
Project("{FAE04EC0-301F-11D3-BF4B-00C04F79EFBC}") = "Admin.Application", "Admin.Application\Admin.Application.csproj", "{2AB80D6D-627C-41D2-81D6-A34CD94F3133}"
EndProject
Project("{FAE04EC0-301F-11D3-BF4B-00C04F79EFBC}") = "Admin.EntityFrameworkCore", "Admin.EntityFrameworkCore\Admin.EntityFrameworkCore.csproj", "{2811CE15-F6DE-440B-86BB-18B2358AD27F}"
EndProject
Project("{FAE04EC0-301F-11D3-BF4B-00C04F79EFBC}") = "Admin.Test", "Admin.Test\Admin.Test.csproj", "{19115055-BE29-4DB2-9D67-CD5F7706BD20}"
EndProject
Project("{FAE04EC0-301F-11D3-BF4B-00C04F79EFBC}") = "Admin.DbMigrator", "Admin.DbMigrator\Admin.DbMigrator.csproj", "{A9B01CB4-4490-4405-91F5-E49E3F04DF7B}"
EndProject
Project("{FAE04EC0-301F-11D3-BF4B-00C04F79EFBC}") = "Admin.HttpApi", "Admin.HttpApi\Admin.HttpApi.csproj", "{2F15D8FF-F1E3-4A5F-AB21-75293BC9FE43}"
EndProject
Project("{FAE04EC0-301F-11D3-BF4B-00C04F79EFBC}") = "Admin.HttpApi.Client", "Admin.HttpApi.Client\Admin.HttpApi.Client.csproj", "{E78F2787-2825-4664-88EF-B403B5EABC78}"
EndProject
Project("{FAE04EC0-301F-11D3-BF4B-00C04F79EFBC}") = "Admin.HttpApi.Host", "Admin.HttpApi.Host\Admin.HttpApi.Host.csproj", "{D588C051-1DA6-4217-8B5A-21739D9E31DC}"
EndProject
Global
	GlobalSection(SolutionConfigurationPlatforms) = preSolution
		Debug|Any CPU = Debug|Any CPU
		Release|Any CPU = Release|Any CPU
	EndGlobalSection
	GlobalSection(ProjectConfigurationPlatforms) = postSolution
		{63178CF1-6E72-429E-89F3-9D4B98A7354C}.Debug|Any CPU.ActiveCfg = Debug|Any CPU
		{63178CF1-6E72-429E-89F3-9D4B98A7354C}.Debug|Any CPU.Build.0 = Debug|Any CPU
		{63178CF1-6E72-429E-89F3-9D4B98A7354C}.Release|Any CPU.ActiveCfg = Release|Any CPU
		{63178CF1-6E72-429E-89F3-9D4B98A7354C}.Release|Any CPU.Build.0 = Release|Any CPU
		{2B04C083-D8E6-4FBC-B52D-B000061D560F}.Debug|Any CPU.ActiveCfg = Debug|Any CPU
		{2B04C083-D8E6-4FBC-B52D-B000061D560F}.Debug|Any CPU.Build.0 = Debug|Any CPU
		{2B04C083-D8E6-4FBC-B52D-B000061D560F}.Release|Any CPU.ActiveCfg = Release|Any CPU
		{2B04C083-D8E6-4FBC-B52D-B000061D560F}.Release|Any CPU.Build.0 = Release|Any CPU
		{8DAE58C0-8832-4743-BDCD-CFFC1FA21708}.Debug|Any CPU.ActiveCfg = Debug|Any CPU
		{8DAE58C0-8832-4743-BDCD-CFFC1FA21708}.Debug|Any CPU.Build.0 = Debug|Any CPU
		{8DAE58C0-8832-4743-BDCD-CFFC1FA21708}.Release|Any CPU.ActiveCfg = Release|Any CPU
		{8DAE58C0-8832-4743-BDCD-CFFC1FA21708}.Release|Any CPU.Build.0 = Release|Any CPU
		{5E770119-E34F-4306-8351-5BB21304BA10}.Debug|Any CPU.ActiveCfg = Debug|Any CPU
		{5E770119-E34F-4306-8351-5BB21304BA10}.Debug|Any CPU.Build.0 = Debug|Any CPU
		{5E770119-E34F-4306-8351-5BB21304BA10}.Release|Any CPU.ActiveCfg = Release|Any CPU
		{5E770119-E34F-4306-8351-5BB21304BA10}.Release|Any CPU.Build.0 = Release|Any CPU
		{2AB80D6D-627C-41D2-81D6-A34CD94F3133}.Debug|Any CPU.ActiveCfg = Debug|Any CPU
		{2AB80D6D-627C-41D2-81D6-A34CD94F3133}.Debug|Any CPU.Build.0 = Debug|Any CPU
		{2AB80D6D-627C-41D2-81D6-A34CD94F3133}.Release|Any CPU.ActiveCfg = Release|Any CPU
		{2AB80D6D-627C-41D2-81D6-A34CD94F3133}.Release|Any CPU.Build.0 = Release|Any CPU
		{2811CE15-F6DE-440B-86BB-18B2358AD27F}.Debug|Any CPU.ActiveCfg = Debug|Any CPU
		{2811CE15-F6DE-440B-86BB-18B2358AD27F}.Debug|Any CPU.Build.0 = Debug|Any CPU
		{2811CE15-F6DE-440B-86BB-18B2358AD27F}.Release|Any CPU.ActiveCfg = Release|Any CPU
		{2811CE15-F6DE-440B-86BB-18B2358AD27F}.Release|Any CPU.Build.0 = Release|Any CPU
		{19115055-BE29-4DB2-9D67-CD5F7706BD20}.Debug|Any CPU.ActiveCfg = Debug|Any CPU
		{19115055-BE29-4DB2-9D67-CD5F7706BD20}.Debug|Any CPU.Build.0 = Debug|Any CPU
		{19115055-BE29-4DB2-9D67-CD5F7706BD20}.Release|Any CPU.ActiveCfg = Release|Any CPU
		{19115055-BE29-4DB2-9D67-CD5F7706BD20}.Release|Any CPU.Build.0 = Release|Any CPU
		{A9B01CB4-4490-4405-91F5-E49E3F04DF7B}.Debug|Any CPU.ActiveCfg = Debug|Any CPU
		{A9B01CB4-4490-4405-91F5-E49E3F04DF7B}.Debug|Any CPU.Build.0 = Debug|Any CPU
		{A9B01CB4-4490-4405-91F5-E49E3F04DF7B}.Release|Any CPU.ActiveCfg = Release|Any CPU
		{A9B01CB4-4490-4405-91F5-E49E3F04DF7B}.Release|Any CPU.Build.0 = Release|Any CPU
		{2F15D8FF-F1E3-4A5F-AB21-75293BC9FE43}.Debug|Any CPU.ActiveCfg = Debug|Any CPU
		{2F15D8FF-F1E3-4A5F-AB21-75293BC9FE43}.Debug|Any CPU.Build.0 = Debug|Any CPU
		{2F15D8FF-F1E3-4A5F-AB21-75293BC9FE43}.Release|Any CPU.ActiveCfg = Release|Any CPU
		{2F15D8FF-F1E3-4A5F-AB21-75293BC9FE43}.Release|Any CPU.Build.0 = Release|Any CPU
		{E78F2787-2825-4664-88EF-B403B5EABC78}.Debug|Any CPU.ActiveCfg = Debug|Any CPU
		{E78F2787-2825-4664-88EF-B403B5EABC78}.Debug|Any CPU.Build.0 = Debug|Any CPU
		{E78F2787-2825-4664-88EF-B403B5EABC78}.Release|Any CPU.ActiveCfg = Release|Any CPU
		{E78F2787-2825-4664-88EF-B403B5EABC78}.Release|Any CPU.Build.0 = Release|Any CPU
		{D588C051-1DA6-4217-8B5A-21739D9E31DC}.Debug|Any CPU.ActiveCfg = Debug|Any CPU
		{D588C051-1DA6-4217-8B5A-21739D9E31DC}.Debug|Any CPU.Build.0 = Debug|Any CPU
		{D588C051-1DA6-4217-8B5A-21739D9E31DC}.Release|Any CPU.ActiveCfg = Release|Any CPU
		{D588C051-1DA6-4217-8B5A-21739D9E31DC}.Release|Any CPU.Build.0 = Release|Any CPU
	EndGlobalSection
	GlobalSection(SolutionProperties) = preSolution
		HideSolutionNode = FALSE
	EndGlobalSection
	GlobalSection(ExtensibilityGlobals) = postSolution
		SolutionGuid = {E13B12B7-D383-47A5-BF4C-F838E2370ECA}
	EndGlobalSection
EndGlobal
